
Microsoft Visual Studio Solution File, Format Version 12.00
Project("{2150E333-8FDC-42A3-9474-1A3956D46DE8}") = "PostService", "PostService", "{17105C06-19A4-44AC-AFBB-45A99C0E3F9E}"
EndProject
Project("{2150E333-8FDC-42A3-9474-1A3956D46DE8}") = "AuthService", "AuthService", "{F4AAF1CB-425E-4612-8709-D1EFA3F50F33}"
EndProject
Project("{FAE04EC0-301F-11D3-BF4B-00C04F79EFBC}") = "AuthService.Domain", "AuthService.Domain\AuthService.Domain.csproj", "{E583D358-B8D0-4181-BB33-5F0D8A1FDB7F}"
EndProject
Project("{FAE04EC0-301F-11D3-BF4B-00C04F79EFBC}") = "AuthService.Application", "AuthService.Application\AuthService.Application.csproj", "{2C34FC57-D58F-4099-B404-83282C9A4EF4}"
EndProject
Project("{FAE04EC0-301F-11D3-BF4B-00C04F79EFBC}") = "AuthService.Infrastructure", "AuthService.Infrastructure\AuthService.Infrastructure.csproj", "{0CE4CEBA-B61E-4EFB-A2C1-356409C48D2C}"
EndProject
Project("{FAE04EC0-301F-11D3-BF4B-00C04F79EFBC}") = "AuthService.Api", "AuthService.Api\AuthService.Api.csproj", "{E219BE58-E8C7-4CE5-B1BD-7B752EC481E4}"
EndProject
Project("{2150E333-8FDC-42A3-9474-1A3956D46DE8}") = "Solution Items", "Solution Items", "{3892270F-AD2E-4D41-AB27-E8F42870AF35}"
	ProjectSection(SolutionItems) = preProject
		compose.yaml = compose.yaml
	EndProjectSection
EndProject
Project("{FAE04EC0-301F-11D3-BF4B-00C04F79EFBC}") = "AuthService.Migrator", "AuthService.Migrator\AuthService.Migrator.csproj", "{6A76D703-1CCF-4EC4-B4DF-7875BA2319F9}"
EndProject
Project("{FAE04EC0-301F-11D3-BF4B-00C04F79EFBC}") = "PostService.Domain", "PostService.Domain\PostService.Domain.csproj", "{E9C7AF91-B02E-4341-B1B7-447418616846}"
EndProject
Project("{FAE04EC0-301F-11D3-BF4B-00C04F79EFBC}") = "PostService.Application", "PostService.Application\PostService.Application.csproj", "{AFF6F1C2-19A7-4580-AEFC-3D5DDA8C2A17}"
EndProject
Project("{FAE04EC0-301F-11D3-BF4B-00C04F79EFBC}") = "PostService.Infrastructure", "PostService.Infrastructure\PostService.Infrastructure.csproj", "{F3C7E42C-2808-4A26-B92D-6E778B945CB0}"
EndProject
Project("{FAE04EC0-301F-11D3-BF4B-00C04F79EFBC}") = "PostService.Api", "PostService.Api\PostService.Api.csproj", "{1364A5FF-0B03-4C52-B7FB-58077069EE74}"
EndProject
Project("{FAE04EC0-301F-11D3-BF4B-00C04F79EFBC}") = "PostService.Migrator", "PostService.Migrator\PostService.Migrator.csproj", "{806DA65E-F226-4516-88BF-213894F1DB7F}"
EndProject
Project("{FAE04EC0-301F-11D3-BF4B-00C04F79EFBC}") = "Shared", "Shared\Shared.csproj", "{E0B24A6D-64BE-4D69-BB0D-CD383616C760}"
EndProject
Global
	GlobalSection(SolutionConfigurationPlatforms) = preSolution
		Debug|Any CPU = Debug|Any CPU
		Release|Any CPU = Release|Any CPU
	EndGlobalSection
	GlobalSection(NestedProjects) = preSolution
		{E583D358-B8D0-4181-BB33-5F0D8A1FDB7F} = {F4AAF1CB-425E-4612-8709-D1EFA3F50F33}
		{2C34FC57-D58F-4099-B404-83282C9A4EF4} = {F4AAF1CB-425E-4612-8709-D1EFA3F50F33}
		{0CE4CEBA-B61E-4EFB-A2C1-356409C48D2C} = {F4AAF1CB-425E-4612-8709-D1EFA3F50F33}
		{E219BE58-E8C7-4CE5-B1BD-7B752EC481E4} = {F4AAF1CB-425E-4612-8709-D1EFA3F50F33}
		{6A76D703-1CCF-4EC4-B4DF-7875BA2319F9} = {F4AAF1CB-425E-4612-8709-D1EFA3F50F33}
		{E9C7AF91-B02E-4341-B1B7-447418616846} = {17105C06-19A4-44AC-AFBB-45A99C0E3F9E}
		{AFF6F1C2-19A7-4580-AEFC-3D5DDA8C2A17} = {17105C06-19A4-44AC-AFBB-45A99C0E3F9E}
		{F3C7E42C-2808-4A26-B92D-6E778B945CB0} = {17105C06-19A4-44AC-AFBB-45A99C0E3F9E}
		{1364A5FF-0B03-4C52-B7FB-58077069EE74} = {17105C06-19A4-44AC-AFBB-45A99C0E3F9E}
		{806DA65E-F226-4516-88BF-213894F1DB7F} = {17105C06-19A4-44AC-AFBB-45A99C0E3F9E}
	EndGlobalSection
	GlobalSection(ProjectConfigurationPlatforms) = postSolution
		{E583D358-B8D0-4181-BB33-5F0D8A1FDB7F}.Debug|Any CPU.ActiveCfg = Debug|Any CPU
		{E583D358-B8D0-4181-BB33-5F0D8A1FDB7F}.Debug|Any CPU.Build.0 = Debug|Any CPU
		{E583D358-B8D0-4181-BB33-5F0D8A1FDB7F}.Release|Any CPU.ActiveCfg = Release|Any CPU
		{E583D358-B8D0-4181-BB33-5F0D8A1FDB7F}.Release|Any CPU.Build.0 = Release|Any CPU
		{2C34FC57-D58F-4099-B404-83282C9A4EF4}.Debug|Any CPU.ActiveCfg = Debug|Any CPU
		{2C34FC57-D58F-4099-B404-83282C9A4EF4}.Debug|Any CPU.Build.0 = Debug|Any CPU
		{2C34FC57-D58F-4099-B404-83282C9A4EF4}.Release|Any CPU.ActiveCfg = Release|Any CPU
		{2C34FC57-D58F-4099-B404-83282C9A4EF4}.Release|Any CPU.Build.0 = Release|Any CPU
		{0CE4CEBA-B61E-4EFB-A2C1-356409C48D2C}.Debug|Any CPU.ActiveCfg = Debug|Any CPU
		{0CE4CEBA-B61E-4EFB-A2C1-356409C48D2C}.Debug|Any CPU.Build.0 = Debug|Any CPU
		{0CE4CEBA-B61E-4EFB-A2C1-356409C48D2C}.Release|Any CPU.ActiveCfg = Release|Any CPU
		{0CE4CEBA-B61E-4EFB-A2C1-356409C48D2C}.Release|Any CPU.Build.0 = Release|Any CPU
		{E219BE58-E8C7-4CE5-B1BD-7B752EC481E4}.Debug|Any CPU.ActiveCfg = Debug|Any CPU
		{E219BE58-E8C7-4CE5-B1BD-7B752EC481E4}.Debug|Any CPU.Build.0 = Debug|Any CPU
		{E219BE58-E8C7-4CE5-B1BD-7B752EC481E4}.Release|Any CPU.ActiveCfg = Release|Any CPU
		{E219BE58-E8C7-4CE5-B1BD-7B752EC481E4}.Release|Any CPU.Build.0 = Release|Any CPU
		{6A76D703-1CCF-4EC4-B4DF-7875BA2319F9}.Debug|Any CPU.ActiveCfg = Debug|Any CPU
		{6A76D703-1CCF-4EC4-B4DF-7875BA2319F9}.Debug|Any CPU.Build.0 = Debug|Any CPU
		{6A76D703-1CCF-4EC4-B4DF-7875BA2319F9}.Release|Any CPU.ActiveCfg = Release|Any CPU
		{6A76D703-1CCF-4EC4-B4DF-7875BA2319F9}.Release|Any CPU.Build.0 = Release|Any CPU
		{E9C7AF91-B02E-4341-B1B7-447418616846}.Debug|Any CPU.ActiveCfg = Debug|Any CPU
		{E9C7AF91-B02E-4341-B1B7-447418616846}.Debug|Any CPU.Build.0 = Debug|Any CPU
		{E9C7AF91-B02E-4341-B1B7-447418616846}.Release|Any CPU.ActiveCfg = Release|Any CPU
		{E9C7AF91-B02E-4341-B1B7-447418616846}.Release|Any CPU.Build.0 = Release|Any CPU
		{AFF6F1C2-19A7-4580-AEFC-3D5DDA8C2A17}.Debug|Any CPU.ActiveCfg = Debug|Any CPU
		{AFF6F1C2-19A7-4580-AEFC-3D5DDA8C2A17}.Debug|Any CPU.Build.0 = Debug|Any CPU
		{AFF6F1C2-19A7-4580-AEFC-3D5DDA8C2A17}.Release|Any CPU.ActiveCfg = Release|Any CPU
		{AFF6F1C2-19A7-4580-AEFC-3D5DDA8C2A17}.Release|Any CPU.Build.0 = Release|Any CPU
		{F3C7E42C-2808-4A26-B92D-6E778B945CB0}.Debug|Any CPU.ActiveCfg = Debug|Any CPU
		{F3C7E42C-2808-4A26-B92D-6E778B945CB0}.Debug|Any CPU.Build.0 = Debug|Any CPU
		{F3C7E42C-2808-4A26-B92D-6E778B945CB0}.Release|Any CPU.ActiveCfg = Release|Any CPU
		{F3C7E42C-2808-4A26-B92D-6E778B945CB0}.Release|Any CPU.Build.0 = Release|Any CPU
		{1364A5FF-0B03-4C52-B7FB-58077069EE74}.Debug|Any CPU.ActiveCfg = Debug|Any CPU
		{1364A5FF-0B03-4C52-B7FB-58077069EE74}.Debug|Any CPU.Build.0 = Debug|Any CPU
		{1364A5FF-0B03-4C52-B7FB-58077069EE74}.Release|Any CPU.ActiveCfg = Release|Any CPU
		{1364A5FF-0B03-4C52-B7FB-58077069EE74}.Release|Any CPU.Build.0 = Release|Any CPU
		{806DA65E-F226-4516-88BF-213894F1DB7F}.Debug|Any CPU.ActiveCfg = Debug|Any CPU
		{806DA65E-F226-4516-88BF-213894F1DB7F}.Debug|Any CPU.Build.0 = Debug|Any CPU
		{806DA65E-F226-4516-88BF-213894F1DB7F}.Release|Any CPU.ActiveCfg = Release|Any CPU
		{806DA65E-F226-4516-88BF-213894F1DB7F}.Release|Any CPU.Build.0 = Release|Any CPU
		{E0B24A6D-64BE-4D69-BB0D-CD383616C760}.Debug|Any CPU.ActiveCfg = Debug|Any CPU
		{E0B24A6D-64BE-4D69-BB0D-CD383616C760}.Debug|Any CPU.Build.0 = Debug|Any CPU
		{E0B24A6D-64BE-4D69-BB0D-CD383616C760}.Release|Any CPU.ActiveCfg = Release|Any CPU
		{E0B24A6D-64BE-4D69-BB0D-CD383616C760}.Release|Any CPU.Build.0 = Release|Any CPU
	EndGlobalSection
EndGlobal
